
Microsoft Visual Studio Solution File, Format Version 12.00
# Visual Studio 15
Project("{FAE04EC0-301F-11D3-BF4B-00C04F79EFBC}") = "Amazon.SellingPartnerAPIAA", "src\Amazon.SellingPartnerAPIAA\Amazon.SellingPartnerAPIAA.csproj", "{64339397-3AAB-49D3-8B50-7A467B16D545}"
EndProject
Project("{FAE04EC0-301F-11D3-BF4B-00C04F79EFBC}") = "Amazon.SellingPartnerAPIAATests", "test\Amazon.SellingPartnerAPIAATests\Amazon.SellingPartnerAPIAATests.csproj", "{12B130EB-1087-4F88-BDFA-3088868C0A46}"
EndProject
Global
	GlobalSection(SolutionConfigurationPlatforms) = preSolution
		Debug|Any CPU = Debug|Any CPU
		Release|Any CPU = Release|Any CPU
	EndGlobalSection
	GlobalSection(ProjectConfigurationPlatforms) = postSolution
		{64339397-3AAB-49D3-8B50-7A467B16D545}.Debug|Any CPU.ActiveCfg = Debug|Any CPU
		{64339397-3AAB-49D3-8B50-7A467B16D545}.Debug|Any CPU.Build.0 = Debug|Any CPU
		{64339397-3AAB-49D3-8B50-7A467B16D545}.Release|Any CPU.ActiveCfg = Release|Any CPU
		{64339397-3AAB-49D3-8B50-7A467B16D545}.Release|Any CPU.Build.0 = Release|Any CPU
		{12B130EB-1087-4F88-BDFA-3088868C0A46}.Debug|Any CPU.ActiveCfg = Debug|Any CPU
		{12B130EB-1087-4F88-BDFA-3088868C0A46}.Debug|Any CPU.Build.0 = Debug|Any CPU
		{12B130EB-1087-4F88-BDFA-3088868C0A46}.Release|Any CPU.ActiveCfg = Release|Any CPU
		{12B130EB-1087-4F88-BDFA-3088868C0A46}.Release|Any CPU.Build.0 = Release|Any CPU
	EndGlobalSection
EndGlobal
